
Microsoft Visual Studio Solution File, Format Version 12.00
# Visual Studio Version 16
VisualStudioVersion = 16.0.30517.126
MinimumVisualStudioVersion = 10.0.40219.1
Project("{FAE04EC0-301F-11D3-BF4B-00C04F79EFBC}") = "livros", "livros\livros.csproj", "{51CD3B67-9A29-4C22-9BAB-3E824C0DC477}"
EndProject
Global
	GlobalSection(SolutionConfigurationPlatforms) = preSolution
		Debug|Any CPU = Debug|Any CPU
		Release|Any CPU = Release|Any CPU
	EndGlobalSection
	GlobalSection(ProjectConfigurationPlatforms) = postSolution
		{51CD3B67-9A29-4C22-9BAB-3E824C0DC477}.Debug|Any CPU.ActiveCfg = Debug|Any CPU
		{51CD3B67-9A29-4C22-9BAB-3E824C0DC477}.Debug|Any CPU.Build.0 = Debug|Any CPU
		{51CD3B67-9A29-4C22-9BAB-3E824C0DC477}.Release|Any CPU.ActiveCfg = Release|Any CPU
		{51CD3B67-9A29-4C22-9BAB-3E824C0DC477}.Release|Any CPU.Build.0 = Release|Any CPU
	EndGlobalSection
	GlobalSection(SolutionProperties) = preSolution
		HideSolutionNode = FALSE
	EndGlobalSection
	GlobalSection(ExtensibilityGlobals) = postSolution
		SolutionGuid = {59C279D2-5B3C-4982-B884-481C9D960999}
	EndGlobalSection
EndGlobal
